// !$*UTF8*$!
{
	archiveVersion = 1;
	classes = {
	};
	objectVersion = 77;
	objects = {

/* Begin PBXBuildFile section */
		B0A000012E5A000100000001 /* MacmonSwift in Frameworks */ = {isa = PBXBuildFile; productRef = B0A000032E5A000100000001 /* MacmonSwift */; };
		AFFC83392E59EAD40095EE6D /* battery_tracker in CopyFiles */ = {isa = PBXBuildFile; fileRef = AFFC83322E59EA600095EE6D /* battery_tracker */; settings = {ATTRIBUTES = (CodeSignOnCopy, ); }; };
/* End PBXBuildFile section */

/* Begin PBXCopyFilesBuildPhase section */
		AFFC83242E59E0410095EE6D /* CopyFiles */ = {
			isa = PBXCopyFilesBuildPhase;
			buildActionMask = 2147483647;
			dstPath = Contents/MacOS;
			dstSubfolderSpec = 1;
			files = (
				AFFC83392E59EAD40095EE6D /* battery_tracker in CopyFiles */,
			);
			runOnlyForDeploymentPostprocessing = 0;
		};
		AFFC83302E59EA600095EE6D /* CopyFiles */ = {
			isa = PBXCopyFilesBuildPhase;
			buildActionMask = 2147483647;
			dstPath = /usr/share/man/man1/;
			dstSubfolderSpec = 0;
			files = (
			);
			runOnlyForDeploymentPostprocessing = 1;
		};
/* End PBXCopyFilesBuildPhase section */

/* Begin PBXShellScriptBuildPhase section */
		B0A000002E5A000100000001 /* Copy libmacmon.dylib */ = {
			isa = PBXShellScriptBuildPhase;
			alwaysOutOfDate = 1;
			buildActionMask = 2147483647;
			files = (
			);
			inputFileListPaths = (
			);
			inputPaths = (
			);
			name = "Copy libmacmon.dylib";
			outputFileListPaths = (
			);
			outputPaths = (
			);
			runOnlyForDeploymentPostprocessing = 0;
			shellPath = /bin/sh;
			shellScript = "\"$SRCROOT/scripts/copy_macmon_dylib.sh\"";
		};
/* End PBXShellScriptBuildPhase section */

/* Begin PBXFileReference section */
		AF9513E52E59D8B900550A10 /* MenuStats.app */ = {isa = PBXFileReference; explicitFileType = wrapper.application; includeInIndex = 0; path = MenuStats.app; sourceTree = BUILT_PRODUCTS_DIR; };
		AFFC83322E59EA600095EE6D /* battery_tracker */ = {isa = PBXFileReference; explicitFileType = "compiled.mach-o.executable"; includeInIndex = 0; path = battery_tracker; sourceTree = BUILT_PRODUCTS_DIR; };
/* End PBXFileReference section */

/* Begin PBXFileSystemSynchronizedRootGroup section */
		AF9513E72E59D8B900550A10 /* MenuStats */ = {
			isa = PBXFileSystemSynchronizedRootGroup;
			path = MenuStats;
			sourceTree = "<group>";
		};
		AFFC83332E59EA600095EE6D /* battery_tracker */ = {
			isa = PBXFileSystemSynchronizedRootGroup;
			path = battery_tracker;
			sourceTree = "<group>";
		};
/* End PBXFileSystemSynchronizedRootGroup section */

/* Begin PBXFrameworksBuildPhase section */
		AF9513E22E59D8B900550A10 /* Frameworks */ = {
			isa = PBXFrameworksBuildPhase;
			buildActionMask = 2147483647;
			files = (
				B0A000012E5A000100000001 /* MacmonSwift in Frameworks */,
			);
			runOnlyForDeploymentPostprocessing = 0;
		};
		AFFC832F2E59EA600095EE6D /* Frameworks */ = {
			isa = PBXFrameworksBuildPhase;
			buildActionMask = 2147483647;
			files = (
			);
			runOnlyForDeploymentPostprocessing = 0;
		};
/* End PBXFrameworksBuildPhase section */

/* Begin PBXGroup section */
		AF9513DC2E59D8B900550A10 = {
			isa = PBXGroup;
			children = (
				AF9513E72E59D8B900550A10 /* MenuStats */,
				AFFC83332E59EA600095EE6D /* battery_tracker */,
				AF9513E62E59D8B900550A10 /* Products */,
			);
			sourceTree = "<group>";
		};
		AF9513E62E59D8B900550A10 /* Products */ = {
			isa = PBXGroup;
			children = (
				AF9513E52E59D8B900550A10 /* MenuStats.app */,
				AFFC83322E59EA600095EE6D /* battery_tracker */,
			);
			name = Products;
			sourceTree = "<group>";
		};
/* End PBXGroup section */

/* Begin PBXNativeTarget section */
		AF9513E42E59D8B900550A10 /* MenuStats */ = {
			isa = PBXNativeTarget;
			buildConfigurationList = AF9514072E59D8B900550A10 /* Build configuration list for PBXNativeTarget "MenuStats" */;
				buildPhases = (
					AF9513E12E59D8B900550A10 /* Sources */,
					AF9513E22E59D8B900550A10 /* Frameworks */,
					B0A000002E5A000100000001 /* Copy libmacmon.dylib */,
					AF9513E32E59D8B900550A10 /* Resources */,
					AFFC83242E59E0410095EE6D /* CopyFiles */,
				);
			buildRules = (
			);
			dependencies = (
			);
			fileSystemSynchronizedGroups = (
				AF9513E72E59D8B900550A10 /* MenuStats */,
			);
				name = MenuStats;
				packageProductDependencies = (
					B0A000032E5A000100000001 /* MacmonSwift */,
				);
				productName = MenuStats;
				productReference = AF9513E52E59D8B900550A10 /* MenuStats.app */;
			productType = "com.apple.product-type.application";
		};
		AFFC83312E59EA600095EE6D /* battery_tracker */ = {
			isa = PBXNativeTarget;
			buildConfigurationList = AFFC83362E59EA600095EE6D /* Build configuration list for PBXNativeTarget "battery_tracker" */;
			buildPhases = (
				AFFC832E2E59EA600095EE6D /* Sources */,
				AFFC832F2E59EA600095EE6D /* Frameworks */,
				AFFC83302E59EA600095EE6D /* CopyFiles */,
			);
			buildRules = (
			);
			dependencies = (
			);
			fileSystemSynchronizedGroups = (
				AFFC83332E59EA600095EE6D /* battery_tracker */,
			);
			name = battery_tracker;
			packageProductDependencies = (
			);
			productName = battery_tracker;
			productReference = AFFC83322E59EA600095EE6D /* battery_tracker */;
			productType = "com.apple.product-type.tool";
		};
/* End PBXNativeTarget section */

/* Begin PBXProject section */
		AF9513DD2E59D8B900550A10 /* Project object */ = {
			isa = PBXProject;
			attributes = {
				BuildIndependentTargetsInParallel = 1;
				LastSwiftUpdateCheck = 1640;
				LastUpgradeCheck = 1640;
				TargetAttributes = {
					AF9513E42E59D8B900550A10 = {
						CreatedOnToolsVersion = 16.4;
					};
					AFFC83312E59EA600095EE6D = {
						CreatedOnToolsVersion = 16.4;
					};
				};
			};
			buildConfigurationList = AF9513E02E59D8B900550A10 /* Build configuration list for PBXProject "MenuStats" */;
			developmentRegion = en;
			hasScannedForEncodings = 0;
			knownRegions = (
				en,
				Base,
			);
				mainGroup = AF9513DC2E59D8B900550A10;
				minimizedProjectReferenceProxies = 1;
				packageReferences = (
					B0A000022E5A000100000001 /* XCLocalSwiftPackageReference "../macmon/bindings/swift" */,
				);
				preferredProjectObjectVersion = 77;
				productRefGroup = AF9513E62E59D8B900550A10 /* Products */;
				projectDirPath = "";
			projectRoot = "";
			targets = (
				AF9513E42E59D8B900550A10 /* MenuStats */,
				AFFC83312E59EA600095EE6D /* battery_tracker */,
			);
		};
/* End PBXProject section */

/* Begin PBXResourcesBuildPhase section */
		AF9513E32E59D8B900550A10 /* Resources */ = {
			isa = PBXResourcesBuildPhase;
			buildActionMask = 2147483647;
			files = (
			);
			runOnlyForDeploymentPostprocessing = 0;
		};
/* End PBXResourcesBuildPhase section */

/* Begin PBXSourcesBuildPhase section */
		AF9513E12E59D8B900550A10 /* Sources */ = {
			isa = PBXSourcesBuildPhase;
			buildActionMask = 2147483647;
			files = (
			);
			runOnlyForDeploymentPostprocessing = 0;
		};
		AFFC832E2E59EA600095EE6D /* Sources */ = {
			isa = PBXSourcesBuildPhase;
			buildActionMask = 2147483647;
			files = (
			);
			runOnlyForDeploymentPostprocessing = 0;
		};
/* End PBXSourcesBuildPhase section */

/* Begin XCBuildConfiguration section */
		AF9514052E59D8B900550A10 /* Debug */ = {
			isa = XCBuildConfiguration;
			buildSettings = {
				ALWAYS_SEARCH_USER_PATHS = NO;
				ASSETCATALOG_COMPILER_GENERATE_SWIFT_ASSET_SYMBOL_EXTENSIONS = YES;
				CLANG_ANALYZER_NONNULL = YES;
				CLANG_ANALYZER_NUMBER_OBJECT_CONVERSION = YES_AGGRESSIVE;
				CLANG_CXX_LANGUAGE_STANDARD = "gnu++20";
				CLANG_ENABLE_MODULES = YES;
				CLANG_ENABLE_OBJC_ARC = YES;
				CLANG_ENABLE_OBJC_WEAK = YES;
				CLANG_WARN_BLOCK_CAPTURE_AUTORELEASING = YES;
				CLANG_WARN_BOOL_CONVERSION = YES;
				CLANG_WARN_COMMA = YES;
				CLANG_WARN_CONSTANT_CONVERSION = YES;
				CLANG_WARN_DEPRECATED_OBJC_IMPLEMENTATIONS = YES;
				CLANG_WARN_DIRECT_OBJC_ISA_USAGE = YES_ERROR;
				CLANG_WARN_DOCUMENTATION_COMMENTS = YES;
				CLANG_WARN_EMPTY_BODY = YES;
				CLANG_WARN_ENUM_CONVERSION = YES;
				CLANG_WARN_INFINITE_RECURSION = YES;
				CLANG_WARN_INT_CONVERSION = YES;
				CLANG_WARN_NON_LITERAL_NULL_CONVERSION = YES;
				CLANG_WARN_OBJC_IMPLICIT_RETAIN_SELF = YES;
				CLANG_WARN_OBJC_LITERAL_CONVERSION = YES;
				CLANG_WARN_OBJC_ROOT_CLASS = YES_ERROR;
				CLANG_WARN_QUOTED_INCLUDE_IN_FRAMEWORK_HEADER = YES;
				CLANG_WARN_RANGE_LOOP_ANALYSIS = YES;
				CLANG_WARN_STRICT_PROTOTYPES = YES;
				CLANG_WARN_SUSPICIOUS_MOVE = YES;
				CLANG_WARN_UNGUARDED_AVAILABILITY = YES_AGGRESSIVE;
				CLANG_WARN_UNREACHABLE_CODE = YES;
				CLANG_WARN__DUPLICATE_METHOD_MATCH = YES;
				COPY_PHASE_STRIP = NO;
				DEBUG_INFORMATION_FORMAT = dwarf;
				ENABLE_STRICT_OBJC_MSGSEND = YES;
				ENABLE_TESTABILITY = YES;
				ENABLE_USER_SCRIPT_SANDBOXING = YES;
				GCC_C_LANGUAGE_STANDARD = gnu17;
				GCC_DYNAMIC_NO_PIC = NO;
				GCC_NO_COMMON_BLOCKS = YES;
				GCC_OPTIMIZATION_LEVEL = 0;
				GCC_PREPROCESSOR_DEFINITIONS = (
					"DEBUG=1",
					"$(inherited)",
				);
				GCC_WARN_64_TO_32_BIT_CONVERSION = YES;
				GCC_WARN_ABOUT_RETURN_TYPE = YES_ERROR;
				GCC_WARN_UNDECLARED_SELECTOR = YES;
				GCC_WARN_UNINITIALIZED_AUTOS = YES_AGGRESSIVE;
				GCC_WARN_UNUSED_FUNCTION = YES;
				GCC_WARN_UNUSED_VARIABLE = YES;
				LOCALIZATION_PREFERS_STRING_CATALOGS = YES;
				MACOSX_DEPLOYMENT_TARGET = 14.0;
				MTL_ENABLE_DEBUG_INFO = INCLUDE_SOURCE;
				MTL_FAST_MATH = YES;
				ONLY_ACTIVE_ARCH = YES;
				SDKROOT = macosx;
				SWIFT_ACTIVE_COMPILATION_CONDITIONS = "DEBUG $(inherited)";
				SWIFT_OPTIMIZATION_LEVEL = "-Onone";
			};
			name = Debug;
		};
		AF9514062E59D8B900550A10 /* Release */ = {
			isa = XCBuildConfiguration;
			buildSettings = {
				ALWAYS_SEARCH_USER_PATHS = NO;
				ASSETCATALOG_COMPILER_GENERATE_SWIFT_ASSET_SYMBOL_EXTENSIONS = YES;
				CLANG_ANALYZER_NONNULL = YES;
				CLANG_ANALYZER_NUMBER_OBJECT_CONVERSION = YES_AGGRESSIVE;
				CLANG_CXX_LANGUAGE_STANDARD = "gnu++20";
				CLANG_ENABLE_MODULES = YES;
				CLANG_ENABLE_OBJC_ARC = YES;
				CLANG_ENABLE_OBJC_WEAK = YES;
				CLANG_WARN_BLOCK_CAPTURE_AUTORELEASING = YES;
				CLANG_WARN_BOOL_CONVERSION = YES;
				CLANG_WARN_COMMA = YES;
				CLANG_WARN_CONSTANT_CONVERSION = YES;
				CLANG_WARN_DEPRECATED_OBJC_IMPLEMENTATIONS = YES;
				CLANG_WARN_DIRECT_OBJC_ISA_USAGE = YES_ERROR;
				CLANG_WARN_DOCUMENTATION_COMMENTS = YES;
				CLANG_WARN_EMPTY_BODY = YES;
				CLANG_WARN_ENUM_CONVERSION = YES;
				CLANG_WARN_INFINITE_RECURSION = YES;
				CLANG_WARN_INT_CONVERSION = YES;
				CLANG_WARN_NON_LITERAL_NULL_CONVERSION = YES;
				CLANG_WARN_OBJC_IMPLICIT_RETAIN_SELF = YES;
				CLANG_WARN_OBJC_LITERAL_CONVERSION = YES;
				CLANG_WARN_OBJC_ROOT_CLASS = YES_ERROR;
				CLANG_WARN_QUOTED_INCLUDE_IN_FRAMEWORK_HEADER = YES;
				CLANG_WARN_RANGE_LOOP_ANALYSIS = YES;
				CLANG_WARN_STRICT_PROTOTYPES = YES;
				CLANG_WARN_SUSPICIOUS_MOVE = YES;
				CLANG_WARN_UNGUARDED_AVAILABILITY = YES_AGGRESSIVE;
				CLANG_WARN_UNREACHABLE_CODE = YES;
				CLANG_WARN__DUPLICATE_METHOD_MATCH = YES;
				COPY_PHASE_STRIP = NO;
				DEBUG_INFORMATION_FORMAT = "dwarf-with-dsym";
				ENABLE_NS_ASSERTIONS = NO;
				ENABLE_STRICT_OBJC_MSGSEND = YES;
				ENABLE_USER_SCRIPT_SANDBOXING = YES;
				GCC_C_LANGUAGE_STANDARD = gnu17;
				GCC_NO_COMMON_BLOCKS = YES;
				GCC_WARN_64_TO_32_BIT_CONVERSION = YES;
				GCC_WARN_ABOUT_RETURN_TYPE = YES_ERROR;
				GCC_WARN_UNDECLARED_SELECTOR = YES;
				GCC_WARN_UNINITIALIZED_AUTOS = YES_AGGRESSIVE;
				GCC_WARN_UNUSED_FUNCTION = YES;
				GCC_WARN_UNUSED_VARIABLE = YES;
				LOCALIZATION_PREFERS_STRING_CATALOGS = YES;
				MACOSX_DEPLOYMENT_TARGET = 14.0;
				MTL_ENABLE_DEBUG_INFO = NO;
				MTL_FAST_MATH = YES;
				SDKROOT = macosx;
				SWIFT_COMPILATION_MODE = wholemodule;
			};
			name = Release;
		};
		AF9514082E59D8B900550A10 /* Debug */ = {
			isa = XCBuildConfiguration;
				buildSettings = {
					ASSETCATALOG_COMPILER_APPICON_NAME = AppIcon;
					ASSETCATALOG_COMPILER_GLOBAL_ACCENT_COLOR_NAME = AccentColor;
					CODE_SIGN_ENTITLEMENTS = MenuStats/MenuStats.entitlements;
					"CODE_SIGN_IDENTITY[sdk=macosx*]" = "-";
						CODE_SIGN_STYLE = Automatic;
						CURRENT_PROJECT_VERSION = 1;
						ENABLE_USER_SCRIPT_SANDBOXING = NO;
						GENERATE_INFOPLIST_FILE = YES;
						INFOPLIST_KEY_LSUIElement = YES;
						INFOPLIST_KEY_NSHumanReadableCopyright = "";
						LD_RUNPATH_SEARCH_PATHS = (
							"$(inherited)",
							"@executable_path/../Frameworks",
						);
						MACOSX_DEPLOYMENT_TARGET = 14.0;
						MARKETING_VERSION = 1.0;
						PRODUCT_BUNDLE_IDENTIFIER = com.example.MenuStats;
						PRODUCT_NAME = "$(TARGET_NAME)";
						REGISTER_APP_GROUPS = YES;
						SWIFT_EMIT_LOC_STRINGS = YES;
						SWIFT_VERSION = 6.0;
					};
			name = Debug;
		};
		AF9514092E59D8B900550A10 /* Release */ = {
			isa = XCBuildConfiguration;
				buildSettings = {
					ASSETCATALOG_COMPILER_APPICON_NAME = AppIcon;
					ASSETCATALOG_COMPILER_GLOBAL_ACCENT_COLOR_NAME = AccentColor;
					CODE_SIGN_ENTITLEMENTS = MenuStats/MenuStats.entitlements;
					"CODE_SIGN_IDENTITY[sdk=macosx*]" = "-";
						CODE_SIGN_STYLE = Automatic;
						CURRENT_PROJECT_VERSION = 1;
						ENABLE_USER_SCRIPT_SANDBOXING = NO;
						GENERATE_INFOPLIST_FILE = YES;
						INFOPLIST_KEY_LSUIElement = YES;
						INFOPLIST_KEY_NSHumanReadableCopyright = "";
						LD_RUNPATH_SEARCH_PATHS = (
							"$(inherited)",
							"@executable_path/../Frameworks",
						);
						MACOSX_DEPLOYMENT_TARGET = 14.0;
						MARKETING_VERSION = 1.0;
						PRODUCT_BUNDLE_IDENTIFIER = com.example.MenuStats;
						PRODUCT_NAME = "$(TARGET_NAME)";
						REGISTER_APP_GROUPS = YES;
						SWIFT_EMIT_LOC_STRINGS = YES;
						SWIFT_VERSION = 6.0;
					};
				name = Release;
			};
		AFFC83372E59EA600095EE6D /* Debug */ = {
			isa = XCBuildConfiguration;
			buildSettings = {
				"CODE_SIGN_IDENTITY[sdk=macosx*]" = "-";
				INSTALL_PATH = "";
				MACOSX_DEPLOYMENT_TARGET = 14.0;
				PRODUCT_NAME = "$(TARGET_NAME)";
			};
			name = Debug;
		};
		AFFC83382E59EA600095EE6D /* Release */ = {
			isa = XCBuildConfiguration;
			buildSettings = {
				"CODE_SIGN_IDENTITY[sdk=macosx*]" = "-";
				INSTALL_PATH = "";
				MACOSX_DEPLOYMENT_TARGET = 14.0;
				PRODUCT_NAME = "$(TARGET_NAME)";
			};
			name = Release;
		};
/* End XCBuildConfiguration section */

/* Begin XCLocalSwiftPackageReference section */
		B0A000022E5A000100000001 /* XCLocalSwiftPackageReference "../macmon/bindings/swift" */ = {
			isa = XCLocalSwiftPackageReference;
			relativePath = ../macmon/bindings/swift;
		};
/* End XCLocalSwiftPackageReference section */

/* Begin XCConfigurationList section */
		AF9513E02E59D8B900550A10 /* Build configuration list for PBXProject "MenuStats" */ = {
			isa = XCConfigurationList;
			buildConfigurations = (
				AF9514052E59D8B900550A10 /* Debug */,
				AF9514062E59D8B900550A10 /* Release */,
			);
			defaultConfigurationIsVisible = 0;
			defaultConfigurationName = Release;
		};
		AF9514072E59D8B900550A10 /* Build configuration list for PBXNativeTarget "MenuStats" */ = {
			isa = XCConfigurationList;
			buildConfigurations = (
				AF9514082E59D8B900550A10 /* Debug */,
				AF9514092E59D8B900550A10 /* Release */,
			);
			defaultConfigurationIsVisible = 0;
			defaultConfigurationName = Release;
		};
		AFFC83362E59EA600095EE6D /* Build configuration list for PBXNativeTarget "battery_tracker" */ = {
			isa = XCConfigurationList;
			buildConfigurations = (
				AFFC83372E59EA600095EE6D /* Debug */,
				AFFC83382E59EA600095EE6D /* Release */,
			);
			defaultConfigurationIsVisible = 0;
			defaultConfigurationName = Release;
		};
/* End XCConfigurationList section */

/* Begin XCSwiftPackageProductDependency section */
		B0A000032E5A000100000001 /* MacmonSwift */ = {
			isa = XCSwiftPackageProductDependency;
			package = B0A000022E5A000100000001 /* XCLocalSwiftPackageReference "../macmon/bindings/swift" */;
			productName = MacmonSwift;
		};
/* End XCSwiftPackageProductDependency section */
		};
	rootObject = AF9513DD2E59D8B900550A10 /* Project object */;
}
